
Microsoft Visual Studio Solution File, Format Version 12.00
# Visual Studio Version 16
VisualStudioVersion = 16.0.31624.102
MinimumVisualStudioVersion = 10.0.40219.1
Project("{FAE04EC0-301F-11D3-BF4B-00C04F79EFBC}") = "PcHealth", "..\PcHealth\PcHealth.csproj", "{B33825D7-6410-48B0-AE09-C97366605CBF}"
EndProject
Global
	GlobalSection(SolutionConfigurationPlatforms) = preSolution
		Debug|Any CPU = Debug|Any CPU
		Release|Any CPU = Release|Any CPU
	EndGlobalSection
	GlobalSection(ProjectConfigurationPlatforms) = postSolution
		{B33825D7-6410-48B0-AE09-C97366605CBF}.Debug|Any CPU.ActiveCfg = Debug|Any CPU
		{B33825D7-6410-48B0-AE09-C97366605CBF}.Debug|Any CPU.Build.0 = Debug|Any CPU
		{B33825D7-6410-48B0-AE09-C97366605CBF}.Release|Any CPU.ActiveCfg = Release|Any CPU
		{B33825D7-6410-48B0-AE09-C97366605CBF}.Release|Any CPU.Build.0 = Release|Any CPU
	EndGlobalSection
	GlobalSection(SolutionProperties) = preSolution
		HideSolutionNode = FALSE
	EndGlobalSection
	GlobalSection(ExtensibilityGlobals) = postSolution
		SolutionGuid = {61C2C08C-82F3-4AEC-B7BE-7A9361582E7D}
	EndGlobalSection
EndGlobal
